{"is_source_file": false, "format": "", "description": "", "external_files": [], "external_methods": [], "published": [], "classes": [], "methods": [], "calls": [], "search-terms": [], "state": 2, "file_id": 14, "knowledge_revision": 33, "git_revision": "8089215ea99aab906354ae3a237c3aeceac0f1fb", "filename": "/home/kavia/workspace/code-generation/ayrah-ma-advisory-showcase-3632-3637/main_container_for_ayrah_ma_showcase/post_process_status.lock", "hash": "9c4ed7ef73e22b872b8055bec08b8979", "format-version": 4, "code-base-name": "default", "revision_history": [{"33": "8089215ea99aab906354ae3a237c3aeceac0f1fb"}]}